
Microsoft Visual Studio Solution File, Format Version 12.00
# Visual Studio Version 17
VisualStudioVersion = 17.1.32328.378
MinimumVisualStudioVersion = 10.0.40219.1
Project("{2150E333-8FDC-42A3-9474-1A3956D46DE8}") = "PrimarySource", "PrimarySource", "{11660724-85E4-4623-98EB-44F928AAE089}"
EndProject
Project("{9A19103F-16F7-4668-BE54-9A1E7A4F7556}") = "Presentation", "Presentation\Presentation.csproj", "{F40E6C41-36FB-4742-8FD5-D26C9CE231B1}"
EndProject
Project("{2150E333-8FDC-42A3-9474-1A3956D46DE8}") = "Application", "Application", "{DE6A3FB1-DAC2-4A73-A231-21200A46F63B}"
EndProject
Project("{2150E333-8FDC-42A3-9474-1A3956D46DE8}") = "Persistence", "Persistence", "{6FCA442E-8B81-4419-B76B-AB46F3757AF7}"
EndProject
Project("{2150E333-8FDC-42A3-9474-1A3956D46DE8}") = "Core", "Core", "{4BC9392A-0796-488C-BB95-E85ED26AED31}"
EndProject
Project("{9A19103F-16F7-4668-BE54-9A1E7A4F7556}") = "Todo.Core", "Todo.Core\Todo.Core.csproj", "{BDC20049-15BE-4148-AA20-5043B9581F95}"
EndProject
Project("{9A19103F-16F7-4668-BE54-9A1E7A4F7556}") = "Todo.Services", "Todo.Services\Todo.Services.csproj", "{CEEC568C-3F0C-414B-A062-B2C00FCFA555}"
EndProject
Project("{9A19103F-16F7-4668-BE54-9A1E7A4F7556}") = "Todo.DAL", "Todo.DAL\Todo.DAL.csproj", "{D9217D1E-3DA9-4307-B964-1AD2AE71896A}"
EndProject
Project("{FAE04EC0-301F-11D3-BF4B-00C04F79EFBC}") = "Todo.DI", "Todo.DI\Todo.DI.csproj", "{E436A188-744C-40A5-8512-CC7022822A4E}"
EndProject
Project("{FAE04EC0-301F-11D3-BF4B-00C04F79EFBC}") = "Todo.Logger.Service", "Todo.LoggerManager\Todo.Logger.Service.csproj", "{3D1F6CCC-4251-43C4-BCD6-9F4134D20D5A}"
EndProject
Global
	GlobalSection(SolutionConfigurationPlatforms) = preSolution
		Debug|Any CPU = Debug|Any CPU
		Release|Any CPU = Release|Any CPU
	EndGlobalSection
	GlobalSection(ProjectConfigurationPlatforms) = postSolution
		{F40E6C41-36FB-4742-8FD5-D26C9CE231B1}.Debug|Any CPU.ActiveCfg = Debug|Any CPU
		{F40E6C41-36FB-4742-8FD5-D26C9CE231B1}.Debug|Any CPU.Build.0 = Debug|Any CPU
		{F40E6C41-36FB-4742-8FD5-D26C9CE231B1}.Release|Any CPU.ActiveCfg = Release|Any CPU
		{F40E6C41-36FB-4742-8FD5-D26C9CE231B1}.Release|Any CPU.Build.0 = Release|Any CPU
		{BDC20049-15BE-4148-AA20-5043B9581F95}.Debug|Any CPU.ActiveCfg = Debug|Any CPU
		{BDC20049-15BE-4148-AA20-5043B9581F95}.Debug|Any CPU.Build.0 = Debug|Any CPU
		{BDC20049-15BE-4148-AA20-5043B9581F95}.Release|Any CPU.ActiveCfg = Release|Any CPU
		{BDC20049-15BE-4148-AA20-5043B9581F95}.Release|Any CPU.Build.0 = Release|Any CPU
		{CEEC568C-3F0C-414B-A062-B2C00FCFA555}.Debug|Any CPU.ActiveCfg = Debug|Any CPU
		{CEEC568C-3F0C-414B-A062-B2C00FCFA555}.Debug|Any CPU.Build.0 = Debug|Any CPU
		{CEEC568C-3F0C-414B-A062-B2C00FCFA555}.Release|Any CPU.ActiveCfg = Release|Any CPU
		{CEEC568C-3F0C-414B-A062-B2C00FCFA555}.Release|Any CPU.Build.0 = Release|Any CPU
		{D9217D1E-3DA9-4307-B964-1AD2AE71896A}.Debug|Any CPU.ActiveCfg = Debug|Any CPU
		{D9217D1E-3DA9-4307-B964-1AD2AE71896A}.Debug|Any CPU.Build.0 = Debug|Any CPU
		{D9217D1E-3DA9-4307-B964-1AD2AE71896A}.Release|Any CPU.ActiveCfg = Release|Any CPU
		{D9217D1E-3DA9-4307-B964-1AD2AE71896A}.Release|Any CPU.Build.0 = Release|Any CPU
		{E436A188-744C-40A5-8512-CC7022822A4E}.Debug|Any CPU.ActiveCfg = Debug|Any CPU
		{E436A188-744C-40A5-8512-CC7022822A4E}.Debug|Any CPU.Build.0 = Debug|Any CPU
		{E436A188-744C-40A5-8512-CC7022822A4E}.Release|Any CPU.ActiveCfg = Release|Any CPU
		{E436A188-744C-40A5-8512-CC7022822A4E}.Release|Any CPU.Build.0 = Release|Any CPU
		{3D1F6CCC-4251-43C4-BCD6-9F4134D20D5A}.Debug|Any CPU.ActiveCfg = Debug|Any CPU
		{3D1F6CCC-4251-43C4-BCD6-9F4134D20D5A}.Debug|Any CPU.Build.0 = Debug|Any CPU
		{3D1F6CCC-4251-43C4-BCD6-9F4134D20D5A}.Release|Any CPU.ActiveCfg = Release|Any CPU
		{3D1F6CCC-4251-43C4-BCD6-9F4134D20D5A}.Release|Any CPU.Build.0 = Release|Any CPU
	EndGlobalSection
	GlobalSection(SolutionProperties) = preSolution
		HideSolutionNode = FALSE
	EndGlobalSection
	GlobalSection(NestedProjects) = preSolution
		{F40E6C41-36FB-4742-8FD5-D26C9CE231B1} = {DE6A3FB1-DAC2-4A73-A231-21200A46F63B}
		{DE6A3FB1-DAC2-4A73-A231-21200A46F63B} = {11660724-85E4-4623-98EB-44F928AAE089}
		{6FCA442E-8B81-4419-B76B-AB46F3757AF7} = {11660724-85E4-4623-98EB-44F928AAE089}
		{4BC9392A-0796-488C-BB95-E85ED26AED31} = {11660724-85E4-4623-98EB-44F928AAE089}
		{BDC20049-15BE-4148-AA20-5043B9581F95} = {4BC9392A-0796-488C-BB95-E85ED26AED31}
		{CEEC568C-3F0C-414B-A062-B2C00FCFA555} = {6FCA442E-8B81-4419-B76B-AB46F3757AF7}
		{D9217D1E-3DA9-4307-B964-1AD2AE71896A} = {6FCA442E-8B81-4419-B76B-AB46F3757AF7}
		{E436A188-744C-40A5-8512-CC7022822A4E} = {6FCA442E-8B81-4419-B76B-AB46F3757AF7}
		{3D1F6CCC-4251-43C4-BCD6-9F4134D20D5A} = {6FCA442E-8B81-4419-B76B-AB46F3757AF7}
	EndGlobalSection
	GlobalSection(ExtensibilityGlobals) = postSolution
		SolutionGuid = {AC8B7BA3-A5C7-47F1-9684-939BCF056E8E}
	EndGlobalSection
EndGlobal
